
Microsoft Visual Studio Solution File, Format Version 12.00
# Visual Studio Version 17
VisualStudioVersion = 17.14.36327.8 d17.14
MinimumVisualStudioVersion = 10.0.40219.1
Project("{FAE04EC0-301F-11D3-BF4B-00C04F79EFBC}") = "HybridCachingService", ".\HybridCachingService\HybridCachingService.csproj", "{AC876683-7179-4ABC-9FBC-6FA98463D4BC}"
EndProject
Project("{FAE04EC0-301F-11D3-BF4B-00C04F79EFBC}") = "HybridCache", ".\HybridCache\HybridCache.csproj", "{3BBF75A7-C27D-4B9D-A8BC-9055A7596D67}"
EndProject
Global
	GlobalSection(SolutionConfigurationPlatforms) = preSolution
		Debug|Any CPU = Debug|Any CPU
		Release|Any CPU = Release|Any CPU
	EndGlobalSection
	GlobalSection(ProjectConfigurationPlatforms) = postSolution
		{AC876683-7179-4ABC-9FBC-6FA98463D4BC}.Debug|Any CPU.ActiveCfg = Debug|Any CPU
		{AC876683-7179-4ABC-9FBC-6FA98463D4BC}.Debug|Any CPU.Build.0 = Debug|Any CPU
		{AC876683-7179-4ABC-9FBC-6FA98463D4BC}.Release|Any CPU.ActiveCfg = Release|Any CPU
		{AC876683-7179-4ABC-9FBC-6FA98463D4BC}.Release|Any CPU.Build.0 = Release|Any CPU
		{3BBF75A7-C27D-4B9D-A8BC-9055A7596D67}.Debug|Any CPU.ActiveCfg = Debug|Any CPU
		{3BBF75A7-C27D-4B9D-A8BC-9055A7596D67}.Debug|Any CPU.Build.0 = Debug|Any CPU
		{3BBF75A7-C27D-4B9D-A8BC-9055A7596D67}.Release|Any CPU.ActiveCfg = Release|Any CPU
		{3BBF75A7-C27D-4B9D-A8BC-9055A7596D67}.Release|Any CPU.Build.0 = Release|Any CPU
	EndGlobalSection
	GlobalSection(SolutionProperties) = preSolution
		HideSolutionNode = FALSE
	EndGlobalSection
	GlobalSection(ExtensibilityGlobals) = postSolution
		SolutionGuid = {ABB9BBF1-53D0-4700-AA36-1DD46DAD343D}
	EndGlobalSection
EndGlobal
